// !$*UTF8*$!
{
	archiveVersion = 1;
	classes = {
	};
	objectVersion = 46;
	objects = {

/* Begin PBXBuildFile section */
		D3052BBF1C1CA9C2001D8DCD /* AppDelegate.swift in Sources */ = {isa = PBXBuildFile; fileRef = D3052BBE1C1CA9C2001D8DCD /* AppDelegate.swift */; };
		D3052BC11C1CA9C2001D8DCD /* MasterViewController.swift in Sources */ = {isa = PBXBuildFile; fileRef = D3052BC01C1CA9C2001D8DCD /* MasterViewController.swift */; };
		D3052BC31C1CA9C2001D8DCD /* DetailViewController.swift in Sources */ = {isa = PBXBuildFile; fileRef = D3052BC21C1CA9C2001D8DCD /* DetailViewController.swift */; };
		D3052BC81C1CA9C2001D8DCD /* Assets.xcassets in Resources */ = {isa = PBXBuildFile; fileRef = D3052BC71C1CA9C2001D8DCD /* Assets.xcassets */; };
		D3052BCB1C1CA9C2001D8DCD /* LaunchScreen.storyboard in Resources */ = {isa = PBXBuildFile; fileRef = D3052BC91C1CA9C2001D8DCD /* LaunchScreen.storyboard */; };
		D3052BD61C1CA9C2001D8DCD /* PayDay_Tests.swift in Sources */ = {isa = PBXBuildFile; fileRef = D3052BD51C1CA9C2001D8DCD /* PayDay_Tests.swift */; };
		D3052BE11C1CA9C2001D8DCD /* PayDay_UITests.swift in Sources */ = {isa = PBXBuildFile; fileRef = D3052BE01C1CA9C2001D8DCD /* PayDay_UITests.swift */; };
		D3052BF01C1CA9EE001D8DCD /* DayDataModel.xcdatamodeld in Sources */ = {isa = PBXBuildFile; fileRef = D3052BEE1C1CA9EE001D8DCD /* DayDataModel.xcdatamodeld */; };
		D3052BF21C1CA9FC001D8DCD /* CustomCell.xib in Resources */ = {isa = PBXBuildFile; fileRef = D3052BF11C1CA9FC001D8DCD /* CustomCell.xib */; };
		D3052BF41C1CAA3E001D8DCD /* DailyCell.swift in Sources */ = {isa = PBXBuildFile; fileRef = D3052BF31C1CAA3E001D8DCD /* DailyCell.swift */; };
		D3052BF81C1CAA6B001D8DCD /* DayView.swift in Sources */ = {isa = PBXBuildFile; fileRef = D3052BF71C1CAA6B001D8DCD /* DayView.swift */; };
		D3052BFE1C1CAA74001D8DCD /* PeriodeView.swift in Sources */ = {isa = PBXBuildFile; fileRef = D3052BF91C1CAA74001D8DCD /* PeriodeView.swift */; };
		D3052BFF1C1CAA74001D8DCD /* TimesInsertView.swift in Sources */ = {isa = PBXBuildFile; fileRef = D3052BFA1C1CAA74001D8DCD /* TimesInsertView.swift */; };
		D3052C001C1CAA74001D8DCD /* VariabeController.swift in Sources */ = {isa = PBXBuildFile; fileRef = D3052BFB1C1CAA74001D8DCD /* VariabeController.swift */; };
		D3052C011C1CAA74001D8DCD /* VariableDec.swift in Sources */ = {isa = PBXBuildFile; fileRef = D3052BFC1C1CAA74001D8DCD /* VariableDec.swift */; };
		D3052C021C1CAA74001D8DCD /* YearView.swift in Sources */ = {isa = PBXBuildFile; fileRef = D3052BFD1C1CAA74001D8DCD /* YearView.swift */; };
		D3052C041C1CAA7D001D8DCD /* Hours+CoreDataProperties.swift in Sources */ = {isa = PBXBuildFile; fileRef = D3052C031C1CAA7D001D8DCD /* Hours+CoreDataProperties.swift */; };
		D3052C081C1CAB95001D8DCD /* Main.storyboard in Resources */ = {isa = PBXBuildFile; fileRef = D3052C071C1CAB95001D8DCD /* Main.storyboard */; };
		D315C4F61C47B5D30046D076 /* savedSettings+CoreDataProperties.swift in Sources */ = {isa = PBXBuildFile; fileRef = D315C4F51C47B5D30046D076 /* savedSettings+CoreDataProperties.swift */; };
		D315C4F81C47B5F00046D076 /* savedSettings.swift in Sources */ = {isa = PBXBuildFile; fileRef = D315C4F71C47B5F00046D076 /* savedSettings.swift */; };
		D31DCF861C26F73300AEFFF9 /* Break.swift in Sources */ = {isa = PBXBuildFile; fileRef = D31DCF851C26F73300AEFFF9 /* Break.swift */; };
		D31DCF881C26F79B00AEFFF9 /* Holiday.swift in Sources */ = {isa = PBXBuildFile; fileRef = D31DCF871C26F79B00AEFFF9 /* Holiday.swift */; };
		D31DCF8A1C28719F00AEFFF9 /* BreakCalculator.swift in Sources */ = {isa = PBXBuildFile; fileRef = D31DCF891C28719F00AEFFF9 /* BreakCalculator.swift */; };
		D33871AC1C2D6271006D7146 /* Settings.swift in Sources */ = {isa = PBXBuildFile; fileRef = D33871AA1C2D61A3006D7146 /* Settings.swift */; };
		D33871AE1C304CDC006D7146 /* Payment.swift in Sources */ = {isa = PBXBuildFile; fileRef = D33871AD1C304CDC006D7146 /* Payment.swift */; };
		D33871B01C306026006D7146 /* userDefaults.swift in Sources */ = {isa = PBXBuildFile; fileRef = D33871AF1C306026006D7146 /* userDefaults.swift */; };
		D3C8B5791C2434DE0021D679 /* Hours.swift in Sources */ = {isa = PBXBuildFile; fileRef = D3C8B5781C2434DE0021D679 /* Hours.swift */; };
		D3C8B57B1C2435050021D679 /* FirstViewController.swift in Sources */ = {isa = PBXBuildFile; fileRef = D3C8B57A1C2435050021D679 /* FirstViewController.swift */; };
/* End PBXBuildFile section */

/* Begin PBXContainerItemProxy section */
		D3052BD21C1CA9C2001D8DCD /* PBXContainerItemProxy */ = {
			isa = PBXContainerItemProxy;
			containerPortal = D3052BB31C1CA9C2001D8DCD /* Project object */;
			proxyType = 1;
			remoteGlobalIDString = D3052BBA1C1CA9C2001D8DCD;
			remoteInfo = "PayDay!";
		};
		D3052BDD1C1CA9C2001D8DCD /* PBXContainerItemProxy */ = {
			isa = PBXContainerItemProxy;
			containerPortal = D3052BB31C1CA9C2001D8DCD /* Project object */;
			proxyType = 1;
			remoteGlobalIDString = D3052BBA1C1CA9C2001D8DCD;
			remoteInfo = "PayDay!";
		};
/* End PBXContainerItemProxy section */

/* Begin PBXFileReference section */
		D3052BBB1C1CA9C2001D8DCD /* PayDay!.app */ = {isa = PBXFileReference; explicitFileType = wrapper.application; includeInIndex = 0; path = "PayDay!.app"; sourceTree = BUILT_PRODUCTS_DIR; };
		D3052BBE1C1CA9C2001D8DCD /* AppDelegate.swift */ = {isa = PBXFileReference; lastKnownFileType = sourcecode.swift; path = AppDelegate.swift; sourceTree = "<group>"; };
		D3052BC01C1CA9C2001D8DCD /* MasterViewController.swift */ = {isa = PBXFileReference; lastKnownFileType = sourcecode.swift; path = MasterViewController.swift; sourceTree = "<group>"; };
		D3052BC21C1CA9C2001D8DCD /* DetailViewController.swift */ = {isa = PBXFileReference; fileEncoding = 4; lastKnownFileType = sourcecode.swift; path = DetailViewController.swift; sourceTree = "<group>"; };
		D3052BC71C1CA9C2001D8DCD /* Assets.xcassets */ = {isa = PBXFileReference; lastKnownFileType = folder.assetcatalog; path = Assets.xcassets; sourceTree = "<group>"; };
		D3052BCA1C1CA9C2001D8DCD /* Base */ = {isa = PBXFileReference; lastKnownFileType = file.storyboard; name = Base; path = Base.lproj/LaunchScreen.storyboard; sourceTree = "<group>"; };
		D3052BCC1C1CA9C2001D8DCD /* Info.plist */ = {isa = PBXFileReference; lastKnownFileType = text.plist.xml; path = Info.plist; sourceTree = "<group>"; };
		D3052BD11C1CA9C2001D8DCD /* PayDay!Tests.xctest */ = {isa = PBXFileReference; explicitFileType = wrapper.cfbundle; includeInIndex = 0; path = "PayDay!Tests.xctest"; sourceTree = BUILT_PRODUCTS_DIR; };
		D3052BD51C1CA9C2001D8DCD /* PayDay_Tests.swift */ = {isa = PBXFileReference; lastKnownFileType = sourcecode.swift; path = PayDay_Tests.swift; sourceTree = "<group>"; };
		D3052BD71C1CA9C2001D8DCD /* Info.plist */ = {isa = PBXFileReference; lastKnownFileType = text.plist.xml; path = Info.plist; sourceTree = "<group>"; };
		D3052BDC1C1CA9C2001D8DCD /* PayDay!UITests.xctest */ = {isa = PBXFileReference; explicitFileType = wrapper.cfbundle; includeInIndex = 0; path = "PayDay!UITests.xctest"; sourceTree = BUILT_PRODUCTS_DIR; };
		D3052BE01C1CA9C2001D8DCD /* PayDay_UITests.swift */ = {isa = PBXFileReference; lastKnownFileType = sourcecode.swift; path = PayDay_UITests.swift; sourceTree = "<group>"; };
		D3052BE21C1CA9C2001D8DCD /* Info.plist */ = {isa = PBXFileReference; lastKnownFileType = text.plist.xml; path = Info.plist; sourceTree = "<group>"; };
		D3052BEF1C1CA9EE001D8DCD /* DayDataModel.xcdatamodel */ = {isa = PBXFileReference; lastKnownFileType = wrapper.xcdatamodel; path = DayDataModel.xcdatamodel; sourceTree = "<group>"; };
		D3052BF11C1CA9FC001D8DCD /* CustomCell.xib */ = {isa = PBXFileReference; fileEncoding = 4; lastKnownFileType = file.xib; path = CustomCell.xib; sourceTree = "<group>"; };
		D3052BF31C1CAA3E001D8DCD /* DailyCell.swift */ = {isa = PBXFileReference; fileEncoding = 4; lastKnownFileType = sourcecode.swift; path = DailyCell.swift; sourceTree = "<group>"; };
		D3052BF71C1CAA6B001D8DCD /* DayView.swift */ = {isa = PBXFileReference; fileEncoding = 4; lastKnownFileType = sourcecode.swift; name = DayView.swift; path = ../../PayDay.swift/DayView.swift; sourceTree = "<group>"; };
		D3052BF91C1CAA74001D8DCD /* PeriodeView.swift */ = {isa = PBXFileReference; fileEncoding = 4; lastKnownFileType = sourcecode.swift; name = PeriodeView.swift; path = ../../PayDay.swift/PeriodeView.swift; sourceTree = "<group>"; };
		D3052BFA1C1CAA74001D8DCD /* TimesInsertView.swift */ = {isa = PBXFileReference; fileEncoding = 4; lastKnownFileType = sourcecode.swift; name = TimesInsertView.swift; path = ../../PayDay.swift/TimesInsertView.swift; sourceTree = "<group>"; };
		D3052BFB1C1CAA74001D8DCD /* VariabeController.swift */ = {isa = PBXFileReference; fileEncoding = 4; lastKnownFileType = sourcecode.swift; name = VariabeController.swift; path = ../../PayDay.swift/VariabeController.swift; sourceTree = "<group>"; };
		D3052BFC1C1CAA74001D8DCD /* VariableDec.swift */ = {isa = PBXFileReference; fileEncoding = 4; lastKnownFileType = sourcecode.swift; name = VariableDec.swift; path = ../../PayDay.swift/VariableDec.swift; sourceTree = "<group>"; };
		D3052BFD1C1CAA74001D8DCD /* YearView.swift */ = {isa = PBXFileReference; fileEncoding = 4; lastKnownFileType = sourcecode.swift; name = YearView.swift; path = ../../PayDay.swift/YearView.swift; sourceTree = "<group>"; };
		D3052C031C1CAA7D001D8DCD /* Hours+CoreDataProperties.swift */ = {isa = PBXFileReference; fileEncoding = 4; lastKnownFileType = sourcecode.swift; name = "Hours+CoreDataProperties.swift"; path = "../../PayDay.swift/Hours+CoreDataProperties.swift"; sourceTree = "<group>"; };
		D3052C071C1CAB95001D8DCD /* Main.storyboard */ = {isa = PBXFileReference; fileEncoding = 4; lastKnownFileType = file.storyboard; path = Main.storyboard; sourceTree = "<group>"; };
		D315C4F51C47B5D30046D076 /* savedSettings+CoreDataProperties.swift */ = {isa = PBXFileReference; fileEncoding = 4; lastKnownFileType = sourcecode.swift; path = "savedSettings+CoreDataProperties.swift"; sourceTree = "<group>"; };
		D315C4F71C47B5F00046D076 /* savedSettings.swift */ = {isa = PBXFileReference; fileEncoding = 4; lastKnownFileType = sourcecode.swift; path = savedSettings.swift; sourceTree = "<group>"; };
		D31DCF851C26F73300AEFFF9 /* Break.swift */ = {isa = PBXFileReference; fileEncoding = 4; lastKnownFileType = sourcecode.swift; path = Break.swift; sourceTree = "<group>"; };
		D31DCF871C26F79B00AEFFF9 /* Holiday.swift */ = {isa = PBXFileReference; fileEncoding = 4; lastKnownFileType = sourcecode.swift; path = Holiday.swift; sourceTree = "<group>"; };
		D31DCF891C28719F00AEFFF9 /* BreakCalculator.swift */ = {isa = PBXFileReference; fileEncoding = 4; lastKnownFileType = sourcecode.swift; path = BreakCalculator.swift; sourceTree = "<group>"; };
		D33871AA1C2D61A3006D7146 /* Settings.swift */ = {isa = PBXFileReference; fileEncoding = 4; lastKnownFileType = sourcecode.swift; path = Settings.swift; sourceTree = "<group>"; };
		D33871AD1C304CDC006D7146 /* Payment.swift */ = {isa = PBXFileReference; fileEncoding = 4; lastKnownFileType = sourcecode.swift; path = Payment.swift; sourceTree = "<group>"; };
		D33871AF1C306026006D7146 /* userDefaults.swift */ = {isa = PBXFileReference; fileEncoding = 4; lastKnownFileType = sourcecode.swift; path = userDefaults.swift; sourceTree = "<group>"; };
		D3C8B5781C2434DE0021D679 /* Hours.swift */ = {isa = PBXFileReference; fileEncoding = 4; lastKnownFileType = sourcecode.swift; path = Hours.swift; sourceTree = "<group>"; };
		D3C8B57A1C2435050021D679 /* FirstViewController.swift */ = {isa = PBXFileReference; fileEncoding = 4; lastKnownFileType = sourcecode.swift; path = FirstViewController.swift; sourceTree = "<group>"; };
/* End PBXFileReference section */

/* Begin PBXFrameworksBuildPhase section */
		D3052BB81C1CA9C2001D8DCD /* Frameworks */ = {
			isa = PBXFrameworksBuildPhase;
			buildActionMask = 2147483647;
			files = (
			);
			runOnlyForDeploymentPostprocessing = 0;
		};
		D3052BCE1C1CA9C2001D8DCD /* Frameworks */ = {
			isa = PBXFrameworksBuildPhase;
			buildActionMask = 2147483647;
			files = (
			);
			runOnlyForDeploymentPostprocessing = 0;
		};
		D3052BD91C1CA9C2001D8DCD /* Frameworks */ = {
			isa = PBXFrameworksBuildPhase;
			buildActionMask = 2147483647;
			files = (
			);
			runOnlyForDeploymentPostprocessing = 0;
		};
/* End PBXFrameworksBuildPhase section */

/* Begin PBXGroup section */
		D3052BB21C1CA9C2001D8DCD = {
			isa = PBXGroup;
			children = (
				D3052BBD1C1CA9C2001D8DCD /* PayDay! */,
				D3052BD41C1CA9C2001D8DCD /* PayDay!Tests */,
				D3052BDF1C1CA9C2001D8DCD /* PayDay!UITests */,
				D3052BBC1C1CA9C2001D8DCD /* Products */,
			);
			sourceTree = "<group>";
		};
		D3052BBC1C1CA9C2001D8DCD /* Products */ = {
			isa = PBXGroup;
			children = (
				D3052BBB1C1CA9C2001D8DCD /* PayDay!.app */,
				D3052BD11C1CA9C2001D8DCD /* PayDay!Tests.xctest */,
				D3052BDC1C1CA9C2001D8DCD /* PayDay!UITests.xctest */,
			);
			name = Products;
			sourceTree = "<group>";
		};
		D3052BBD1C1CA9C2001D8DCD /* PayDay! */ = {
			isa = PBXGroup;
			children = (
				D3052BBE1C1CA9C2001D8DCD /* AppDelegate.swift */,
				D31DCF851C26F73300AEFFF9 /* Break.swift */,
				D3052BEE1C1CA9EE001D8DCD /* DayDataModel.xcdatamodeld */,
				D3052BF31C1CAA3E001D8DCD /* DailyCell.swift */,
				D33871AD1C304CDC006D7146 /* Payment.swift */,
				D3052BF91C1CAA74001D8DCD /* PeriodeView.swift */,
				D315C4F41C47B5BD0046D076 /* CoreDataSettings */,
				D3C8B57A1C2435050021D679 /* FirstViewController.swift */,
				D3052C031C1CAA7D001D8DCD /* Hours+CoreDataProperties.swift */,
				D3052BFA1C1CAA74001D8DCD /* TimesInsertView.swift */,
				D3052BFB1C1CAA74001D8DCD /* VariabeController.swift */,
				D3052BFC1C1CAA74001D8DCD /* VariableDec.swift */,
				D3C8B5781C2434DE0021D679 /* Hours.swift */,
				D31DCF891C28719F00AEFFF9 /* BreakCalculator.swift */,
				D33871AF1C306026006D7146 /* userDefaults.swift */,
				D3052BFD1C1CAA74001D8DCD /* YearView.swift */,
				D31DCF871C26F79B00AEFFF9 /* Holiday.swift */,
				D33871AA1C2D61A3006D7146 /* Settings.swift */,
				D3052BF71C1CAA6B001D8DCD /* DayView.swift */,
				D3052BC01C1CA9C2001D8DCD /* MasterViewController.swift */,
				D3052BC21C1CA9C2001D8DCD /* DetailViewController.swift */,
				D3052BF11C1CA9FC001D8DCD /* CustomCell.xib */,
				D3052C071C1CAB95001D8DCD /* Main.storyboard */,
				D3052BC71C1CA9C2001D8DCD /* Assets.xcassets */,
				D3052BC91C1CA9C2001D8DCD /* LaunchScreen.storyboard */,
				D3052BCC1C1CA9C2001D8DCD /* Info.plist */,
			);
			path = "PayDay!";
			sourceTree = "<group>";
		};
		D3052BD41C1CA9C2001D8DCD /* PayDay!Tests */ = {
			isa = PBXGroup;
			children = (
				D3052BD51C1CA9C2001D8DCD /* PayDay_Tests.swift */,
				D3052BD71C1CA9C2001D8DCD /* Info.plist */,
			);
			path = "PayDay!Tests";
			sourceTree = "<group>";
		};
		D3052BDF1C1CA9C2001D8DCD /* PayDay!UITests */ = {
			isa = PBXGroup;
			children = (
				D3052BE01C1CA9C2001D8DCD /* PayDay_UITests.swift */,
				D3052BE21C1CA9C2001D8DCD /* Info.plist */,
			);
			path = "PayDay!UITests";
			sourceTree = "<group>";
		};
		D315C4F41C47B5BD0046D076 /* CoreDataSettings */ = {
			isa = PBXGroup;
			children = (
				D315C4F51C47B5D30046D076 /* savedSettings+CoreDataProperties.swift */,
				D315C4F71C47B5F00046D076 /* savedSettings.swift */,
			);
			name = CoreDataSettings;
			sourceTree = "<group>";
		};
/* End PBXGroup section */

/* Begin PBXNativeTarget section */
		D3052BBA1C1CA9C2001D8DCD /* PayDay! */ = {
			isa = PBXNativeTarget;
			buildConfigurationList = D3052BE51C1CA9C2001D8DCD /* Build configuration list for PBXNativeTarget "PayDay!" */;
			buildPhases = (
				D3052BB71C1CA9C2001D8DCD /* Sources */,
				D3052BB81C1CA9C2001D8DCD /* Frameworks */,
				D3052BB91C1CA9C2001D8DCD /* Resources */,
			);
			buildRules = (
			);
			dependencies = (
			);
			name = "PayDay!";
			productName = "PayDay!";
			productReference = D3052BBB1C1CA9C2001D8DCD /* PayDay!.app */;
			productType = "com.apple.product-type.application";
		};
		D3052BD01C1CA9C2001D8DCD /* PayDay!Tests */ = {
			isa = PBXNativeTarget;
			buildConfigurationList = D3052BE81C1CA9C2001D8DCD /* Build configuration list for PBXNativeTarget "PayDay!Tests" */;
			buildPhases = (
				D3052BCD1C1CA9C2001D8DCD /* Sources */,
				D3052BCE1C1CA9C2001D8DCD /* Frameworks */,
				D3052BCF1C1CA9C2001D8DCD /* Resources */,
			);
			buildRules = (
			);
			dependencies = (
				D3052BD31C1CA9C2001D8DCD /* PBXTargetDependency */,
			);
			name = "PayDay!Tests";
			productName = "PayDay!Tests";
			productReference = D3052BD11C1CA9C2001D8DCD /* PayDay!Tests.xctest */;
			productType = "com.apple.product-type.bundle.unit-test";
		};
		D3052BDB1C1CA9C2001D8DCD /* PayDay!UITests */ = {
			isa = PBXNativeTarget;
			buildConfigurationList = D3052BEB1C1CA9C2001D8DCD /* Build configuration list for PBXNativeTarget "PayDay!UITests" */;
			buildPhases = (
				D3052BD81C1CA9C2001D8DCD /* Sources */,
				D3052BD91C1CA9C2001D8DCD /* Frameworks */,
				D3052BDA1C1CA9C2001D8DCD /* Resources */,
			);
			buildRules = (
			);
			dependencies = (
				D3052BDE1C1CA9C2001D8DCD /* PBXTargetDependency */,
			);
			name = "PayDay!UITests";
			productName = "PayDay!UITests";
			productReference = D3052BDC1C1CA9C2001D8DCD /* PayDay!UITests.xctest */;
			productType = "com.apple.product-type.bundle.ui-testing";
		};
/* End PBXNativeTarget section */

/* Begin PBXProject section */
		D3052BB31C1CA9C2001D8DCD /* Project object */ = {
			isa = PBXProject;
			attributes = {
				LastSwiftUpdateCheck = 0720;
				LastUpgradeCheck = 0720;
				ORGANIZATIONNAME = "Brian van den Heuvel";
				TargetAttributes = {
					D3052BBA1C1CA9C2001D8DCD = {
						CreatedOnToolsVersion = 7.2;
					};
					D3052BD01C1CA9C2001D8DCD = {
						CreatedOnToolsVersion = 7.2;
						TestTargetID = D3052BBA1C1CA9C2001D8DCD;
					};
					D3052BDB1C1CA9C2001D8DCD = {
						CreatedOnToolsVersion = 7.2;
						TestTargetID = D3052BBA1C1CA9C2001D8DCD;
					};
				};
			};
			buildConfigurationList = D3052BB61C1CA9C2001D8DCD /* Build configuration list for PBXProject "PayDay!" */;
			compatibilityVersion = "Xcode 3.2";
			developmentRegion = English;
			hasScannedForEncodings = 0;
			knownRegions = (
				en,
				Base,
			);
			mainGroup = D3052BB21C1CA9C2001D8DCD;
			productRefGroup = D3052BBC1C1CA9C2001D8DCD /* Products */;
			projectDirPath = "";
			projectRoot = "";
			targets = (
				D3052BBA1C1CA9C2001D8DCD /* PayDay! */,
				D3052BD01C1CA9C2001D8DCD /* PayDay!Tests */,
				D3052BDB1C1CA9C2001D8DCD /* PayDay!UITests */,
			);
		};
/* End PBXProject section */

/* Begin PBXResourcesBuildPhase section */
		D3052BB91C1CA9C2001D8DCD /* Resources */ = {
			isa = PBXResourcesBuildPhase;
			buildActionMask = 2147483647;
			files = (
				D3052BCB1C1CA9C2001D8DCD /* LaunchScreen.storyboard in Resources */,
				D3052C081C1CAB95001D8DCD /* Main.storyboard in Resources */,
				D3052BC81C1CA9C2001D8DCD /* Assets.xcassets in Resources */,
				D3052BF21C1CA9FC001D8DCD /* CustomCell.xib in Resources */,
			);
			runOnlyForDeploymentPostprocessing = 0;
		};
		D3052BCF1C1CA9C2001D8DCD /* Resources */ = {
			isa = PBXResourcesBuildPhase;
			buildActionMask = 2147483647;
			files = (
			);
			runOnlyForDeploymentPostprocessing = 0;
		};
		D3052BDA1C1CA9C2001D8DCD /* Resources */ = {
			isa = PBXResourcesBuildPhase;
			buildActionMask = 2147483647;
			files = (
			);
			runOnlyForDeploymentPostprocessing = 0;
		};
/* End PBXResourcesBuildPhase section */

/* Begin PBXSourcesBuildPhase section */
		D3052BB71C1CA9C2001D8DCD /* Sources */ = {
			isa = PBXSourcesBuildPhase;
			buildActionMask = 2147483647;
			files = (
				D315C4F61C47B5D30046D076 /* savedSettings+CoreDataProperties.swift in Sources */,
				D33871AC1C2D6271006D7146 /* Settings.swift in Sources */,
				D3052BFE1C1CAA74001D8DCD /* PeriodeView.swift in Sources */,
				D31DCF861C26F73300AEFFF9 /* Break.swift in Sources */,
				D31DCF8A1C28719F00AEFFF9 /* BreakCalculator.swift in Sources */,
				D31DCF881C26F79B00AEFFF9 /* Holiday.swift in Sources */,
				D3052C041C1CAA7D001D8DCD /* Hours+CoreDataProperties.swift in Sources */,
				D3052BC31C1CA9C2001D8DCD /* DetailViewController.swift in Sources */,
				D3052C011C1CAA74001D8DCD /* VariableDec.swift in Sources */,
				D3052BFF1C1CAA74001D8DCD /* TimesInsertView.swift in Sources */,
				D3052BF81C1CAA6B001D8DCD /* DayView.swift in Sources */,
				D3052BF41C1CAA3E001D8DCD /* DailyCell.swift in Sources */,
				D3052BC11C1CA9C2001D8DCD /* MasterViewController.swift in Sources */,
				D3052C001C1CAA74001D8DCD /* VariabeController.swift in Sources */,
				D3052BF01C1CA9EE001D8DCD /* DayDataModel.xcdatamodeld in Sources */,
				D3052BBF1C1CA9C2001D8DCD /* AppDelegate.swift in Sources */,
				D315C4F81C47B5F00046D076 /* savedSettings.swift in Sources */,
				D3C8B5791C2434DE0021D679 /* Hours.swift in Sources */,
				D33871B01C306026006D7146 /* userDefaults.swift in Sources */,
				D33871AE1C304CDC006D7146 /* Payment.swift in Sources */,
				D3052C021C1CAA74001D8DCD /* YearView.swift in Sources */,
				D3C8B57B1C2435050021D679 /* FirstViewController.swift in Sources */,
			);
			runOnlyForDeploymentPostprocessing = 0;
		};
		D3052BCD1C1CA9C2001D8DCD /* Sources */ = {
			isa = PBXSourcesBuildPhase;
			buildActionMask = 2147483647;
			files = (
				D3052BD61C1CA9C2001D8DCD /* PayDay_Tests.swift in Sources */,
			);
			runOnlyForDeploymentPostprocessing = 0;
		};
		D3052BD81C1CA9C2001D8DCD /* Sources */ = {
			isa = PBXSourcesBuildPhase;
			buildActionMask = 2147483647;
			files = (
				D3052BE11C1CA9C2001D8DCD /* PayDay_UITests.swift in Sources */,
			);
			runOnlyForDeploymentPostprocessing = 0;
		};
/* End PBXSourcesBuildPhase section */

/* Begin PBXTargetDependency section */
		D3052BD31C1CA9C2001D8DCD /* PBXTargetDependency */ = {
			isa = PBXTargetDependency;
			target = D3052BBA1C1CA9C2001D8DCD /* PayDay! */;
			targetProxy = D3052BD21C1CA9C2001D8DCD /* PBXContainerItemProxy */;
		};
		D3052BDE1C1CA9C2001D8DCD /* PBXTargetDependency */ = {
			isa = PBXTargetDependency;
			target = D3052BBA1C1CA9C2001D8DCD /* PayDay! */;
			targetProxy = D3052BDD1C1CA9C2001D8DCD /* PBXContainerItemProxy */;
		};
/* End PBXTargetDependency section */

/* Begin PBXVariantGroup section */
		D3052BC91C1CA9C2001D8DCD /* LaunchScreen.storyboard */ = {
			isa = PBXVariantGroup;
			children = (
				D3052BCA1C1CA9C2001D8DCD /* Base */,
			);
			name = LaunchScreen.storyboard;
			sourceTree = "<group>";
		};
/* End PBXVariantGroup section */

/* Begin XCBuildConfiguration section */
		D3052BE31C1CA9C2001D8DCD /* Debug */ = {
			isa = XCBuildConfiguration;
			buildSettings = {
				ALWAYS_SEARCH_USER_PATHS = NO;
				CLANG_CXX_LANGUAGE_STANDARD = "gnu++0x";
				CLANG_CXX_LIBRARY = "libc++";
				CLANG_ENABLE_MODULES = YES;
				CLANG_ENABLE_OBJC_ARC = YES;
				CLANG_WARN_BOOL_CONVERSION = YES;
				CLANG_WARN_CONSTANT_CONVERSION = YES;
				CLANG_WARN_DIRECT_OBJC_ISA_USAGE = YES_ERROR;
				CLANG_WARN_EMPTY_BODY = YES;
				CLANG_WARN_ENUM_CONVERSION = YES;
				CLANG_WARN_INT_CONVERSION = YES;
				CLANG_WARN_OBJC_ROOT_CLASS = YES_ERROR;
				CLANG_WARN_UNREACHABLE_CODE = YES;
				CLANG_WARN__DUPLICATE_METHOD_MATCH = YES;
				"CODE_SIGN_IDENTITY[sdk=iphoneos*]" = "iPhone Developer";
				COPY_PHASE_STRIP = NO;
				DEBUG_INFORMATION_FORMAT = dwarf;
				ENABLE_STRICT_OBJC_MSGSEND = YES;
				ENABLE_TESTABILITY = YES;
				GCC_C_LANGUAGE_STANDARD = gnu99;
				GCC_DYNAMIC_NO_PIC = NO;
				GCC_NO_COMMON_BLOCKS = YES;
				GCC_OPTIMIZATION_LEVEL = 0;
				GCC_PREPROCESSOR_DEFINITIONS = (
					"DEBUG=1",
					"$(inherited)",
				);
				GCC_WARN_64_TO_32_BIT_CONVERSION = YES;
				GCC_WARN_ABOUT_RETURN_TYPE = YES_ERROR;
				GCC_WARN_UNDECLARED_SELECTOR = YES;
				GCC_WARN_UNINITIALIZED_AUTOS = YES_AGGRESSIVE;
				GCC_WARN_UNUSED_FUNCTION = YES;
				GCC_WARN_UNUSED_VARIABLE = YES;
				IPHONEOS_DEPLOYMENT_TARGET = 9.2;
				MTL_ENABLE_DEBUG_INFO = YES;
				ONLY_ACTIVE_ARCH = YES;
				SDKROOT = iphoneos;
				SWIFT_OPTIMIZATION_LEVEL = "-Onone";
				TARGETED_DEVICE_FAMILY = "1,2";
			};
			name = Debug;
		};
		D3052BE41C1CA9C2001D8DCD /* Release */ = {
			isa = XCBuildConfiguration;
			buildSettings = {
				ALWAYS_SEARCH_USER_PATHS = NO;
				CLANG_CXX_LANGUAGE_STANDARD = "gnu++0x";
				CLANG_CXX_LIBRARY = "libc++";
				CLANG_ENABLE_MODULES = YES;
				CLANG_ENABLE_OBJC_ARC = YES;
				CLANG_WARN_BOOL_CONVERSION = YES;
				CLANG_WARN_CONSTANT_CONVERSION = YES;
				CLANG_WARN_DIRECT_OBJC_ISA_USAGE = YES_ERROR;
				CLANG_WARN_EMPTY_BODY = YES;
				CLANG_WARN_ENUM_CONVERSION = YES;
				CLANG_WARN_INT_CONVERSION = YES;
				CLANG_WARN_OBJC_ROOT_CLASS = YES_ERROR;
				CLANG_WARN_UNREACHABLE_CODE = YES;
				CLANG_WARN__DUPLICATE_METHOD_MATCH = YES;
				"CODE_SIGN_IDENTITY[sdk=iphoneos*]" = "iPhone Developer";
				COPY_PHASE_STRIP = NO;
				DEBUG_INFORMATION_FORMAT = "dwarf-with-dsym";
				ENABLE_NS_ASSERTIONS = NO;
				ENABLE_STRICT_OBJC_MSGSEND = YES;
				GCC_C_LANGUAGE_STANDARD = gnu99;
				GCC_NO_COMMON_BLOCKS = YES;
				GCC_WARN_64_TO_32_BIT_CONVERSION = YES;
				GCC_WARN_ABOUT_RETURN_TYPE = YES_ERROR;
				GCC_WARN_UNDECLARED_SELECTOR = YES;
				GCC_WARN_UNINITIALIZED_AUTOS = YES_AGGRESSIVE;
				GCC_WARN_UNUSED_FUNCTION = YES;
				GCC_WARN_UNUSED_VARIABLE = YES;
				IPHONEOS_DEPLOYMENT_TARGET = 9.2;
				MTL_ENABLE_DEBUG_INFO = NO;
				SDKROOT = iphoneos;
				TARGETED_DEVICE_FAMILY = "1,2";
				VALIDATE_PRODUCT = YES;
			};
			name = Release;
		};
		D3052BE61C1CA9C2001D8DCD /* Debug */ = {
			isa = XCBuildConfiguration;
			buildSettings = {
				ASSETCATALOG_COMPILER_APPICON_NAME = AppIcon;
				INFOPLIST_FILE = "PayDay!/Info.plist";
				LD_RUNPATH_SEARCH_PATHS = "$(inherited) @executable_path/Frameworks";
				PRODUCT_BUNDLE_IDENTIFIER = "com.mijnroadtrip.PayDay-";
				PRODUCT_NAME = "$(TARGET_NAME)";
				TARGETED_DEVICE_FAMILY = 1;
			};
			name = Debug;
		};
		D3052BE71C1CA9C2001D8DCD /* Release */ = {
			isa = XCBuildConfiguration;
			buildSettings = {
				ASSETCATALOG_COMPILER_APPICON_NAME = AppIcon;
				INFOPLIST_FILE = "PayDay!/Info.plist";
				LD_RUNPATH_SEARCH_PATHS = "$(inherited) @executable_path/Frameworks";
				PRODUCT_BUNDLE_IDENTIFIER = "com.mijnroadtrip.PayDay-";
				PRODUCT_NAME = "$(TARGET_NAME)";
				TARGETED_DEVICE_FAMILY = 1;
			};
			name = Release;
		};
		D3052BE91C1CA9C2001D8DCD /* Debug */ = {
			isa = XCBuildConfiguration;
			buildSettings = {
				BUNDLE_LOADER = "$(TEST_HOST)";
				INFOPLIST_FILE = "PayDay!Tests/Info.plist";
				LD_RUNPATH_SEARCH_PATHS = "$(inherited) @executable_path/Frameworks @loader_path/Frameworks";
				PRODUCT_BUNDLE_IDENTIFIER = "com.mijnroadtrip.PayDay-Tests";
				PRODUCT_NAME = "$(TARGET_NAME)";
				TEST_HOST = "$(BUILT_PRODUCTS_DIR)/PayDay!.app/PayDay!";
			};
			name = Debug;
		};
		D3052BEA1C1CA9C2001D8DCD /* Release */ = {
			isa = XCBuildConfiguration;
			buildSettings = {
				BUNDLE_LOADER = "$(TEST_HOST)";
				INFOPLIST_FILE = "PayDay!Tests/Info.plist";
				LD_RUNPATH_SEARCH_PATHS = "$(inherited) @executable_path/Frameworks @loader_path/Frameworks";
				PRODUCT_BUNDLE_IDENTIFIER = "com.mijnroadtrip.PayDay-Tests";
				PRODUCT_NAME = "$(TARGET_NAME)";
				TEST_HOST = "$(BUILT_PRODUCTS_DIR)/PayDay!.app/PayDay!";
			};
			name = Release;
		};
		D3052BEC1C1CA9C2001D8DCD /* Debug */ = {
			isa = XCBuildConfiguration;
			buildSettings = {
				INFOPLIST_FILE = "PayDay!UITests/Info.plist";
				LD_RUNPATH_SEARCH_PATHS = "$(inherited) @executable_path/Frameworks @loader_path/Frameworks";
				PRODUCT_BUNDLE_IDENTIFIER = "com.mijnroadtrip.PayDay-UITests";
				PRODUCT_NAME = "$(TARGET_NAME)";
				TEST_TARGET_NAME = "PayDay!";
				USES_XCTRUNNER = YES;
			};
			name = Debug;
		};
		D3052BED1C1CA9C2001D8DCD /* Release */ = {
			isa = XCBuildConfiguration;
			buildSettings = {
				INFOPLIST_FILE = "PayDay!UITests/Info.plist";
				LD_RUNPATH_SEARCH_PATHS = "$(inherited) @executable_path/Frameworks @loader_path/Frameworks";
				PRODUCT_BUNDLE_IDENTIFIER = "com.mijnroadtrip.PayDay-UITests";
				PRODUCT_NAME = "$(TARGET_NAME)";
				TEST_TARGET_NAME = "PayDay!";
				USES_XCTRUNNER = YES;
			};
			name = Release;
		};
/* End XCBuildConfiguration section */

/* Begin XCConfigurationList section */
		D3052BB61C1CA9C2001D8DCD /* Build configuration list for PBXProject "PayDay!" */ = {
			isa = XCConfigurationList;
			buildConfigurations = (
				D3052BE31C1CA9C2001D8DCD /* Debug */,
				D3052BE41C1CA9C2001D8DCD /* Release */,
			);
			defaultConfigurationIsVisible = 0;
			defaultConfigurationName = Release;
		};
		D3052BE51C1CA9C2001D8DCD /* Build configuration list for PBXNativeTarget "PayDay!" */ = {
			isa = XCConfigurationList;
			buildConfigurations = (
				D3052BE61C1CA9C2001D8DCD /* Debug */,
				D3052BE71C1CA9C2001D8DCD /* Release */,
			);
			defaultConfigurationIsVisible = 0;
			defaultConfigurationName = Release;
		};
		D3052BE81C1CA9C2001D8DCD /* Build configuration list for PBXNativeTarget "PayDay!Tests" */ = {
			isa = XCConfigurationList;
			buildConfigurations = (
				D3052BE91C1CA9C2001D8DCD /* Debug */,
				D3052BEA1C1CA9C2001D8DCD /* Release */,
			);
			defaultConfigurationIsVisible = 0;
			defaultConfigurationName = Release;
		};
		D3052BEB1C1CA9C2001D8DCD /* Build configuration list for PBXNativeTarget "PayDay!UITests" */ = {
			isa = XCConfigurationList;
			buildConfigurations = (
				D3052BEC1C1CA9C2001D8DCD /* Debug */,
				D3052BED1C1CA9C2001D8DCD /* Release */,
			);
			defaultConfigurationIsVisible = 0;
			defaultConfigurationName = Release;
		};
/* End XCConfigurationList section */

/* Begin XCVersionGroup section */
		D3052BEE1C1CA9EE001D8DCD /* DayDataModel.xcdatamodeld */ = {
			isa = XCVersionGroup;
			children = (
				D3052BEF1C1CA9EE001D8DCD /* DayDataModel.xcdatamodel */,
			);
			currentVersion = D3052BEF1C1CA9EE001D8DCD /* DayDataModel.xcdatamodel */;
			path = DayDataModel.xcdatamodeld;
			sourceTree = "<group>";
			versionGroupType = wrapper.xcdatamodel;
		};
/* End XCVersionGroup section */
	};
	rootObject = D3052BB31C1CA9C2001D8DCD /* Project object */;
}
